{
  "version": "3",
  "packages": {
    "specifiers": {
      "jsr:@libs/typing@2": "jsr:@libs/typing@2.8.1",
      "jsr:@libs/xml@^5.4.13": "jsr:@libs/xml@5.4.13",
      "jsr:@std/cli@^1.0.3": "jsr:@std/cli@1.0.3"
    },
    "jsr": {
      "@libs/typing@2.8.1": {
        "integrity": "08437a01ec51f74a20a5ab5d683475025f93a2ad641d2394a97e87f7b5194d78"
      },
      "@libs/xml@5.4.13": {
        "integrity": "995320d1ce4a29ced82233e5e46d47a880e338197bbd257a686bf9afcc3ac0e4",
        "dependencies": [
          "jsr:@libs/typing@2"
        ]
      },
      "@std/cli@1.0.3": {
        "integrity": "9a0488b5d2e58d29dce106a941eecec7181fae996bf0d2225563f1ca7e4b100c"
      }
    }
  },
  "remote": {},
  "workspace": {
    "dependencies": [
      "jsr:@libs/xml@^5.4.13",
      "jsr:@std/cli@^1.0.3"
    ]
  }
}
